{
  "name": "asp.net",
  "version": "1.0.0",
  "lockfileVersion": 3,
  "requires": true,
  "packages": {
    "": {
      "name": "asp.net",
      "version": "1.0.0",
      "dependencies": {
        "@types/google.maps": "^3.52.1",
        "@types/node": "^18.14.6"
      }
    },
    "node_modules/@types/google.maps": {
      "version": "3.52.1",
      "resolved": "https://registry.npmjs.org/@types/google.maps/-/google.maps-3.52.1.tgz",
      "integrity": "sha512-O0MTQyE57zSWf04q/uNmKa3XHvgEj5pvDwJ4N3SqfYaHdusGVQWzkXkNYHeJPL09yHjvSdSy0WcDEX9C/do9kQ=="
    },
    "node_modules/@types/node": {
      "version": "18.14.6",
      "resolved": "https://registry.npmjs.org/@types/node/-/node-18.14.6.tgz",
      "integrity": "sha512-93+VvleD3mXwlLI/xASjw0FzKcwzl3OdTCzm1LaRfqgS21gfFtK3zDXM5Op9TeeMsJVOaJ2VRDpT9q4Y3d0AvA=="
    }
  }
}
