
Microsoft Visual Studio Solution File, Format Version 12.00
# Visual Studio Version 16
VisualStudioVersion = 16.0.33214.272
MinimumVisualStudioVersion = 10.0.40219.1
Project("{FAE04EC0-301F-11D3-BF4B-00C04F79EFBC}") = "DataGeneration", "DataGeneration.csproj", "{C5603C82-AA65-49ED-A6E5-72DB29BA022E}"
EndProject
Global
	GlobalSection(SolutionConfigurationPlatforms) = preSolution
		Debug|Any CPU = Debug|Any CPU
		Release|Any CPU = Release|Any CPU
	EndGlobalSection
	GlobalSection(ProjectConfigurationPlatforms) = postSolution
		{C5603C82-AA65-49ED-A6E5-72DB29BA022E}.Debug|Any CPU.ActiveCfg = Debug|Any CPU
		{C5603C82-AA65-49ED-A6E5-72DB29BA022E}.Debug|Any CPU.Build.0 = Debug|Any CPU
		{C5603C82-AA65-49ED-A6E5-72DB29BA022E}.Release|Any CPU.ActiveCfg = Release|Any CPU
		{C5603C82-AA65-49ED-A6E5-72DB29BA022E}.Release|Any CPU.Build.0 = Release|Any CPU
	EndGlobalSection
	GlobalSection(SolutionProperties) = preSolution
		HideSolutionNode = FALSE
	EndGlobalSection
	GlobalSection(ExtensibilityGlobals) = postSolution
		SolutionGuid = {53F10D46-8D0F-4C3C-998F-1C09DFA40DF8}
	EndGlobalSection
EndGlobal
